
Microsoft Visual Studio Solution File, Format Version 12.00
# Visual Studio Version 16
VisualStudioVersion = 16.0.33423.256
MinimumVisualStudioVersion = 10.0.40219.1
Project("{FAE04EC0-301F-11D3-BF4B-00C04F79EFBC}") = "Aplicación Compartida", "Aplicación Compartida\Aplicación Compartida.csproj", "{134F1615-97B7-407A-BCCE-66114D928BDD}"
EndProject
Global
	GlobalSection(SolutionConfigurationPlatforms) = preSolution
		Debug|Any CPU = Debug|Any CPU
		Release|Any CPU = Release|Any CPU
	EndGlobalSection
	GlobalSection(ProjectConfigurationPlatforms) = postSolution
		{134F1615-97B7-407A-BCCE-66114D928BDD}.Debug|Any CPU.ActiveCfg = Debug|Any CPU
		{134F1615-97B7-407A-BCCE-66114D928BDD}.Debug|Any CPU.Build.0 = Debug|Any CPU
		{134F1615-97B7-407A-BCCE-66114D928BDD}.Release|Any CPU.ActiveCfg = Release|Any CPU
		{134F1615-97B7-407A-BCCE-66114D928BDD}.Release|Any CPU.Build.0 = Release|Any CPU
	EndGlobalSection
	GlobalSection(SolutionProperties) = preSolution
		HideSolutionNode = FALSE
	EndGlobalSection
	GlobalSection(ExtensibilityGlobals) = postSolution
		SolutionGuid = {13BC5A66-8167-498C-9AD5-99862CE3B005}
	EndGlobalSection
EndGlobal
